
Microsoft Visual Studio Solution File, Format Version 12.00
# Visual Studio 15
VisualStudioVersion = 15.0.27428.2015
MinimumVisualStudioVersion = 10.0.40219.1
Project("{FAE04EC0-301F-11D3-BF4B-00C04F79EFBC}") = "ScrumTools.Android", "ScrumTools\ScrumTools.Android\ScrumTools.Android.csproj", "{619A16C7-8D3C-4F7D-8922-223CD29FEA62}"
EndProject
Project("{FAE04EC0-301F-11D3-BF4B-00C04F79EFBC}") = "ScrumTools", "ScrumTools\ScrumTools\ScrumTools.csproj", "{FE730918-AAE8-44BB-952E-F19E130E6EEF}"
EndProject
Project("{FAE04EC0-301F-11D3-BF4B-00C04F79EFBC}") = "ScrumTools.UWP", "ScrumTools\ScrumTools.UWP\ScrumTools.UWP.csproj", "{95CC31D3-4C43-4B32-8947-E1C608C364F8}"
EndProject
Project("{FAE04EC0-301F-11D3-BF4B-00C04F79EFBC}") = "ScrumTools.iOS", "ScrumTools\ScrumTools.iOS\ScrumTools.iOS.csproj", "{487AB144-BB02-4CD8-A532-2D49AAE9A08A}"
EndProject
Global
	GlobalSection(SolutionConfigurationPlatforms) = preSolution
		Ad-Hoc|Any CPU = Ad-Hoc|Any CPU
		Ad-Hoc|ARM = Ad-Hoc|ARM
		Ad-Hoc|iPhone = Ad-Hoc|iPhone
		Ad-Hoc|iPhoneSimulator = Ad-Hoc|iPhoneSimulator
		Ad-Hoc|x64 = Ad-Hoc|x64
		Ad-Hoc|x86 = Ad-Hoc|x86
		AppStore|Any CPU = AppStore|Any CPU
		AppStore|ARM = AppStore|ARM
		AppStore|iPhone = AppStore|iPhone
		AppStore|iPhoneSimulator = AppStore|iPhoneSimulator
		AppStore|x64 = AppStore|x64
		AppStore|x86 = AppStore|x86
		Debug|Any CPU = Debug|Any CPU
		Debug|ARM = Debug|ARM
		Debug|iPhone = Debug|iPhone
		Debug|iPhoneSimulator = Debug|iPhoneSimulator
		Debug|x64 = Debug|x64
		Debug|x86 = Debug|x86
		Release|Any CPU = Release|Any CPU
		Release|ARM = Release|ARM
		Release|iPhone = Release|iPhone
		Release|iPhoneSimulator = Release|iPhoneSimulator
		Release|x64 = Release|x64
		Release|x86 = Release|x86
	EndGlobalSection
	GlobalSection(ProjectConfigurationPlatforms) = postSolution
		{619A16C7-8D3C-4F7D-8922-223CD29FEA62}.Ad-Hoc|Any CPU.ActiveCfg = Release|Any CPU
		{619A16C7-8D3C-4F7D-8922-223CD29FEA62}.Ad-Hoc|Any CPU.Build.0 = Release|Any CPU
		{619A16C7-8D3C-4F7D-8922-223CD29FEA62}.Ad-Hoc|Any CPU.Deploy.0 = Release|Any CPU
		{619A16C7-8D3C-4F7D-8922-223CD29FEA62}.Ad-Hoc|ARM.ActiveCfg = Release|Any CPU
		{619A16C7-8D3C-4F7D-8922-223CD29FEA62}.Ad-Hoc|ARM.Build.0 = Release|Any CPU
		{619A16C7-8D3C-4F7D-8922-223CD29FEA62}.Ad-Hoc|ARM.Deploy.0 = Release|Any CPU
		{619A16C7-8D3C-4F7D-8922-223CD29FEA62}.Ad-Hoc|iPhone.ActiveCfg = Release|Any CPU
		{619A16C7-8D3C-4F7D-8922-223CD29FEA62}.Ad-Hoc|iPhone.Build.0 = Release|Any CPU
		{619A16C7-8D3C-4F7D-8922-223CD29FEA62}.Ad-Hoc|iPhone.Deploy.0 = Release|Any CPU
		{619A16C7-8D3C-4F7D-8922-223CD29FEA62}.Ad-Hoc|iPhoneSimulator.ActiveCfg = Release|Any CPU
		{619A16C7-8D3C-4F7D-8922-223CD29FEA62}.Ad-Hoc|iPhoneSimulator.Build.0 = Release|Any CPU
		{619A16C7-8D3C-4F7D-8922-223CD29FEA62}.Ad-Hoc|iPhoneSimulator.Deploy.0 = Release|Any CPU
		{619A16C7-8D3C-4F7D-8922-223CD29FEA62}.Ad-Hoc|x64.ActiveCfg = Release|Any CPU
		{619A16C7-8D3C-4F7D-8922-223CD29FEA62}.Ad-Hoc|x64.Build.0 = Release|Any CPU
		{619A16C7-8D3C-4F7D-8922-223CD29FEA62}.Ad-Hoc|x64.Deploy.0 = Release|Any CPU
		{619A16C7-8D3C-4F7D-8922-223CD29FEA62}.Ad-Hoc|x86.ActiveCfg = Release|Any CPU
		{619A16C7-8D3C-4F7D-8922-223CD29FEA62}.Ad-Hoc|x86.Build.0 = Release|Any CPU
		{619A16C7-8D3C-4F7D-8922-223CD29FEA62}.Ad-Hoc|x86.Deploy.0 = Release|Any CPU
		{619A16C7-8D3C-4F7D-8922-223CD29FEA62}.AppStore|Any CPU.ActiveCfg = Release|Any CPU
		{619A16C7-8D3C-4F7D-8922-223CD29FEA62}.AppStore|Any CPU.Build.0 = Release|Any CPU
		{619A16C7-8D3C-4F7D-8922-223CD29FEA62}.AppStore|Any CPU.Deploy.0 = Release|Any CPU
		{619A16C7-8D3C-4F7D-8922-223CD29FEA62}.AppStore|ARM.ActiveCfg = Release|Any CPU
		{619A16C7-8D3C-4F7D-8922-223CD29FEA62}.AppStore|ARM.Build.0 = Release|Any CPU
		{619A16C7-8D3C-4F7D-8922-223CD29FEA62}.AppStore|ARM.Deploy.0 = Release|Any CPU
		{619A16C7-8D3C-4F7D-8922-223CD29FEA62}.AppStore|iPhone.ActiveCfg = Release|Any CPU
		{619A16C7-8D3C-4F7D-8922-223CD29FEA62}.AppStore|iPhone.Build.0 = Release|Any CPU
		{619A16C7-8D3C-4F7D-8922-223CD29FEA62}.AppStore|iPhone.Deploy.0 = Release|Any CPU
		{619A16C7-8D3C-4F7D-8922-223CD29FEA62}.AppStore|iPhoneSimulator.ActiveCfg = Release|Any CPU
		{619A16C7-8D3C-4F7D-8922-223CD29FEA62}.AppStore|iPhoneSimulator.Build.0 = Release|Any CPU
		{619A16C7-8D3C-4F7D-8922-223CD29FEA62}.AppStore|iPhoneSimulator.Deploy.0 = Release|Any CPU
		{619A16C7-8D3C-4F7D-8922-223CD29FEA62}.AppStore|x64.ActiveCfg = Release|Any CPU
		{619A16C7-8D3C-4F7D-8922-223CD29FEA62}.AppStore|x64.Build.0 = Release|Any CPU
		{619A16C7-8D3C-4F7D-8922-223CD29FEA62}.AppStore|x64.Deploy.0 = Release|Any CPU
		{619A16C7-8D3C-4F7D-8922-223CD29FEA62}.AppStore|x86.ActiveCfg = Release|Any CPU
		{619A16C7-8D3C-4F7D-8922-223CD29FEA62}.AppStore|x86.Build.0 = Release|Any CPU
		{619A16C7-8D3C-4F7D-8922-223CD29FEA62}.AppStore|x86.Deploy.0 = Release|Any CPU
		{619A16C7-8D3C-4F7D-8922-223CD29FEA62}.Debug|Any CPU.ActiveCfg = Debug|Any CPU
		{619A16C7-8D3C-4F7D-8922-223CD29FEA62}.Debug|Any CPU.Build.0 = Debug|Any CPU
		{619A16C7-8D3C-4F7D-8922-223CD29FEA62}.Debug|Any CPU.Deploy.0 = Debug|Any CPU
		{619A16C7-8D3C-4F7D-8922-223CD29FEA62}.Debug|ARM.ActiveCfg = Debug|Any CPU
		{619A16C7-8D3C-4F7D-8922-223CD29FEA62}.Debug|ARM.Build.0 = Debug|Any CPU
		{619A16C7-8D3C-4F7D-8922-223CD29FEA62}.Debug|ARM.Deploy.0 = Debug|Any CPU
		{619A16C7-8D3C-4F7D-8922-223CD29FEA62}.Debug|iPhone.ActiveCfg = Debug|Any CPU
		{619A16C7-8D3C-4F7D-8922-223CD29FEA62}.Debug|iPhone.Build.0 = Debug|Any CPU
		{619A16C7-8D3C-4F7D-8922-223CD29FEA62}.Debug|iPhone.Deploy.0 = Debug|Any CPU
		{619A16C7-8D3C-4F7D-8922-223CD29FEA62}.Debug|iPhoneSimulator.ActiveCfg = Debug|Any CPU
		{619A16C7-8D3C-4F7D-8922-223CD29FEA62}.Debug|iPhoneSimulator.Build.0 = Debug|Any CPU
		{619A16C7-8D3C-4F7D-8922-223CD29FEA62}.Debug|iPhoneSimulator.Deploy.0 = Debug|Any CPU
		{619A16C7-8D3C-4F7D-8922-223CD29FEA62}.Debug|x64.ActiveCfg = Debug|Any CPU
		{619A16C7-8D3C-4F7D-8922-223CD29FEA62}.Debug|x64.Build.0 = Debug|Any CPU
		{619A16C7-8D3C-4F7D-8922-223CD29FEA62}.Debug|x64.Deploy.0 = Debug|Any CPU
		{619A16C7-8D3C-4F7D-8922-223CD29FEA62}.Debug|x86.ActiveCfg = Debug|Any CPU
		{619A16C7-8D3C-4F7D-8922-223CD29FEA62}.Debug|x86.Build.0 = Debug|Any CPU
		{619A16C7-8D3C-4F7D-8922-223CD29FEA62}.Debug|x86.Deploy.0 = Debug|Any CPU
		{619A16C7-8D3C-4F7D-8922-223CD29FEA62}.Release|Any CPU.ActiveCfg = Release|Any CPU
		{619A16C7-8D3C-4F7D-8922-223CD29FEA62}.Release|Any CPU.Build.0 = Release|Any CPU
		{619A16C7-8D3C-4F7D-8922-223CD29FEA62}.Release|Any CPU.Deploy.0 = Release|Any CPU
		{619A16C7-8D3C-4F7D-8922-223CD29FEA62}.Release|ARM.ActiveCfg = Release|Any CPU
		{619A16C7-8D3C-4F7D-8922-223CD29FEA62}.Release|ARM.Build.0 = Release|Any CPU
		{619A16C7-8D3C-4F7D-8922-223CD29FEA62}.Release|ARM.Deploy.0 = Release|Any CPU
		{619A16C7-8D3C-4F7D-8922-223CD29FEA62}.Release|iPhone.ActiveCfg = Release|Any CPU
		{619A16C7-8D3C-4F7D-8922-223CD29FEA62}.Release|iPhone.Build.0 = Release|Any CPU
		{619A16C7-8D3C-4F7D-8922-223CD29FEA62}.Release|iPhone.Deploy.0 = Release|Any CPU
		{619A16C7-8D3C-4F7D-8922-223CD29FEA62}.Release|iPhoneSimulator.ActiveCfg = Release|Any CPU
		{619A16C7-8D3C-4F7D-8922-223CD29FEA62}.Release|iPhoneSimulator.Build.0 = Release|Any CPU
		{619A16C7-8D3C-4F7D-8922-223CD29FEA62}.Release|iPhoneSimulator.Deploy.0 = Release|Any CPU
		{619A16C7-8D3C-4F7D-8922-223CD29FEA62}.Release|x64.ActiveCfg = Release|Any CPU
		{619A16C7-8D3C-4F7D-8922-223CD29FEA62}.Release|x64.Build.0 = Release|Any CPU
		{619A16C7-8D3C-4F7D-8922-223CD29FEA62}.Release|x64.Deploy.0 = Release|Any CPU
		{619A16C7-8D3C-4F7D-8922-223CD29FEA62}.Release|x86.ActiveCfg = Release|Any CPU
		{619A16C7-8D3C-4F7D-8922-223CD29FEA62}.Release|x86.Build.0 = Release|Any CPU
		{619A16C7-8D3C-4F7D-8922-223CD29FEA62}.Release|x86.Deploy.0 = Release|Any CPU
		{FE730918-AAE8-44BB-952E-F19E130E6EEF}.Ad-Hoc|Any CPU.ActiveCfg = Release|Any CPU
		{FE730918-AAE8-44BB-952E-F19E130E6EEF}.Ad-Hoc|Any CPU.Build.0 = Release|Any CPU
		{FE730918-AAE8-44BB-952E-F19E130E6EEF}.Ad-Hoc|ARM.ActiveCfg = Release|Any CPU
		{FE730918-AAE8-44BB-952E-F19E130E6EEF}.Ad-Hoc|ARM.Build.0 = Release|Any CPU
		{FE730918-AAE8-44BB-952E-F19E130E6EEF}.Ad-Hoc|iPhone.ActiveCfg = Release|Any CPU
		{FE730918-AAE8-44BB-952E-F19E130E6EEF}.Ad-Hoc|iPhone.Build.0 = Release|Any CPU
		{FE730918-AAE8-44BB-952E-F19E130E6EEF}.Ad-Hoc|iPhoneSimulator.ActiveCfg = Release|Any CPU
		{FE730918-AAE8-44BB-952E-F19E130E6EEF}.Ad-Hoc|iPhoneSimulator.Build.0 = Release|Any CPU
		{FE730918-AAE8-44BB-952E-F19E130E6EEF}.Ad-Hoc|x64.ActiveCfg = Release|Any CPU
		{FE730918-AAE8-44BB-952E-F19E130E6EEF}.Ad-Hoc|x64.Build.0 = Release|Any CPU
		{FE730918-AAE8-44BB-952E-F19E130E6EEF}.Ad-Hoc|x86.ActiveCfg = Release|Any CPU
		{FE730918-AAE8-44BB-952E-F19E130E6EEF}.Ad-Hoc|x86.Build.0 = Release|Any CPU
		{FE730918-AAE8-44BB-952E-F19E130E6EEF}.AppStore|Any CPU.ActiveCfg = Release|Any CPU
		{FE730918-AAE8-44BB-952E-F19E130E6EEF}.AppStore|Any CPU.Build.0 = Release|Any CPU
		{FE730918-AAE8-44BB-952E-F19E130E6EEF}.AppStore|ARM.ActiveCfg = Release|Any CPU
		{FE730918-AAE8-44BB-952E-F19E130E6EEF}.AppStore|ARM.Build.0 = Release|Any CPU
		{FE730918-AAE8-44BB-952E-F19E130E6EEF}.AppStore|iPhone.ActiveCfg = Release|Any CPU
		{FE730918-AAE8-44BB-952E-F19E130E6EEF}.AppStore|iPhone.Build.0 = Release|Any CPU
		{FE730918-AAE8-44BB-952E-F19E130E6EEF}.AppStore|iPhoneSimulator.ActiveCfg = Release|Any CPU
		{FE730918-AAE8-44BB-952E-F19E130E6EEF}.AppStore|iPhoneSimulator.Build.0 = Release|Any CPU
		{FE730918-AAE8-44BB-952E-F19E130E6EEF}.AppStore|x64.ActiveCfg = Release|Any CPU
		{FE730918-AAE8-44BB-952E-F19E130E6EEF}.AppStore|x64.Build.0 = Release|Any CPU
		{FE730918-AAE8-44BB-952E-F19E130E6EEF}.AppStore|x86.ActiveCfg = Release|Any CPU
		{FE730918-AAE8-44BB-952E-F19E130E6EEF}.AppStore|x86.Build.0 = Release|Any CPU
		{FE730918-AAE8-44BB-952E-F19E130E6EEF}.Debug|Any CPU.ActiveCfg = Debug|Any CPU
		{FE730918-AAE8-44BB-952E-F19E130E6EEF}.Debug|Any CPU.Build.0 = Debug|Any CPU
		{FE730918-AAE8-44BB-952E-F19E130E6EEF}.Debug|ARM.ActiveCfg = Debug|Any CPU
		{FE730918-AAE8-44BB-952E-F19E130E6EEF}.Debug|ARM.Build.0 = Debug|Any CPU
		{FE730918-AAE8-44BB-952E-F19E130E6EEF}.Debug|iPhone.ActiveCfg = Debug|Any CPU
		{FE730918-AAE8-44BB-952E-F19E130E6EEF}.Debug|iPhone.Build.0 = Debug|Any CPU
		{FE730918-AAE8-44BB-952E-F19E130E6EEF}.Debug|iPhoneSimulator.ActiveCfg = Debug|Any CPU
		{FE730918-AAE8-44BB-952E-F19E130E6EEF}.Debug|iPhoneSimulator.Build.0 = Debug|Any CPU
		{FE730918-AAE8-44BB-952E-F19E130E6EEF}.Debug|x64.ActiveCfg = Debug|Any CPU
		{FE730918-AAE8-44BB-952E-F19E130E6EEF}.Debug|x64.Build.0 = Debug|Any CPU
		{FE730918-AAE8-44BB-952E-F19E130E6EEF}.Debug|x86.ActiveCfg = Debug|Any CPU
		{FE730918-AAE8-44BB-952E-F19E130E6EEF}.Debug|x86.Build.0 = Debug|Any CPU
		{FE730918-AAE8-44BB-952E-F19E130E6EEF}.Release|Any CPU.ActiveCfg = Release|Any CPU
		{FE730918-AAE8-44BB-952E-F19E130E6EEF}.Release|Any CPU.Build.0 = Release|Any CPU
		{FE730918-AAE8-44BB-952E-F19E130E6EEF}.Release|ARM.ActiveCfg = Release|Any CPU
		{FE730918-AAE8-44BB-952E-F19E130E6EEF}.Release|ARM.Build.0 = Release|Any CPU
		{FE730918-AAE8-44BB-952E-F19E130E6EEF}.Release|iPhone.ActiveCfg = Release|Any CPU
		{FE730918-AAE8-44BB-952E-F19E130E6EEF}.Release|iPhone.Build.0 = Release|Any CPU
		{FE730918-AAE8-44BB-952E-F19E130E6EEF}.Release|iPhoneSimulator.ActiveCfg = Release|Any CPU
		{FE730918-AAE8-44BB-952E-F19E130E6EEF}.Release|iPhoneSimulator.Build.0 = Release|Any CPU
		{FE730918-AAE8-44BB-952E-F19E130E6EEF}.Release|x64.ActiveCfg = Release|Any CPU
		{FE730918-AAE8-44BB-952E-F19E130E6EEF}.Release|x64.Build.0 = Release|Any CPU
		{FE730918-AAE8-44BB-952E-F19E130E6EEF}.Release|x86.ActiveCfg = Release|Any CPU
		{FE730918-AAE8-44BB-952E-F19E130E6EEF}.Release|x86.Build.0 = Release|Any CPU
		{95CC31D3-4C43-4B32-8947-E1C608C364F8}.Ad-Hoc|Any CPU.ActiveCfg = Release|x86
		{95CC31D3-4C43-4B32-8947-E1C608C364F8}.Ad-Hoc|Any CPU.Build.0 = Release|x86
		{95CC31D3-4C43-4B32-8947-E1C608C364F8}.Ad-Hoc|Any CPU.Deploy.0 = Release|x86
		{95CC31D3-4C43-4B32-8947-E1C608C364F8}.Ad-Hoc|ARM.ActiveCfg = Release|ARM
		{95CC31D3-4C43-4B32-8947-E1C608C364F8}.Ad-Hoc|ARM.Build.0 = Release|ARM
		{95CC31D3-4C43-4B32-8947-E1C608C364F8}.Ad-Hoc|ARM.Deploy.0 = Release|ARM
		{95CC31D3-4C43-4B32-8947-E1C608C364F8}.Ad-Hoc|iPhone.ActiveCfg = Release|x86
		{95CC31D3-4C43-4B32-8947-E1C608C364F8}.Ad-Hoc|iPhone.Build.0 = Release|x86
		{95CC31D3-4C43-4B32-8947-E1C608C364F8}.Ad-Hoc|iPhone.Deploy.0 = Release|x86
		{95CC31D3-4C43-4B32-8947-E1C608C364F8}.Ad-Hoc|iPhoneSimulator.ActiveCfg = Release|x86
		{95CC31D3-4C43-4B32-8947-E1C608C364F8}.Ad-Hoc|iPhoneSimulator.Build.0 = Release|x86
		{95CC31D3-4C43-4B32-8947-E1C608C364F8}.Ad-Hoc|iPhoneSimulator.Deploy.0 = Release|x86
		{95CC31D3-4C43-4B32-8947-E1C608C364F8}.Ad-Hoc|x64.ActiveCfg = Release|x64
		{95CC31D3-4C43-4B32-8947-E1C608C364F8}.Ad-Hoc|x64.Build.0 = Release|x64
		{95CC31D3-4C43-4B32-8947-E1C608C364F8}.Ad-Hoc|x64.Deploy.0 = Release|x64
		{95CC31D3-4C43-4B32-8947-E1C608C364F8}.Ad-Hoc|x86.ActiveCfg = Release|x86
		{95CC31D3-4C43-4B32-8947-E1C608C364F8}.Ad-Hoc|x86.Build.0 = Release|x86
		{95CC31D3-4C43-4B32-8947-E1C608C364F8}.Ad-Hoc|x86.Deploy.0 = Release|x86
		{95CC31D3-4C43-4B32-8947-E1C608C364F8}.AppStore|Any CPU.ActiveCfg = Release|x86
		{95CC31D3-4C43-4B32-8947-E1C608C364F8}.AppStore|Any CPU.Build.0 = Release|x86
		{95CC31D3-4C43-4B32-8947-E1C608C364F8}.AppStore|Any CPU.Deploy.0 = Release|x86
		{95CC31D3-4C43-4B32-8947-E1C608C364F8}.AppStore|ARM.ActiveCfg = Release|ARM
		{95CC31D3-4C43-4B32-8947-E1C608C364F8}.AppStore|ARM.Build.0 = Release|ARM
		{95CC31D3-4C43-4B32-8947-E1C608C364F8}.AppStore|ARM.Deploy.0 = Release|ARM
		{95CC31D3-4C43-4B32-8947-E1C608C364F8}.AppStore|iPhone.ActiveCfg = Release|x86
		{95CC31D3-4C43-4B32-8947-E1C608C364F8}.AppStore|iPhone.Build.0 = Release|x86
		{95CC31D3-4C43-4B32-8947-E1C608C364F8}.AppStore|iPhone.Deploy.0 = Release|x86
		{95CC31D3-4C43-4B32-8947-E1C608C364F8}.AppStore|iPhoneSimulator.ActiveCfg = Release|x86
		{95CC31D3-4C43-4B32-8947-E1C608C364F8}.AppStore|iPhoneSimulator.Build.0 = Release|x86
		{95CC31D3-4C43-4B32-8947-E1C608C364F8}.AppStore|iPhoneSimulator.Deploy.0 = Release|x86
		{95CC31D3-4C43-4B32-8947-E1C608C364F8}.AppStore|x64.ActiveCfg = Release|x64
		{95CC31D3-4C43-4B32-8947-E1C608C364F8}.AppStore|x64.Build.0 = Release|x64
		{95CC31D3-4C43-4B32-8947-E1C608C364F8}.AppStore|x64.Deploy.0 = Release|x64
		{95CC31D3-4C43-4B32-8947-E1C608C364F8}.AppStore|x86.ActiveCfg = Release|x86
		{95CC31D3-4C43-4B32-8947-E1C608C364F8}.AppStore|x86.Build.0 = Release|x86
		{95CC31D3-4C43-4B32-8947-E1C608C364F8}.AppStore|x86.Deploy.0 = Release|x86
		{95CC31D3-4C43-4B32-8947-E1C608C364F8}.Debug|Any CPU.ActiveCfg = Debug|x86
		{95CC31D3-4C43-4B32-8947-E1C608C364F8}.Debug|ARM.ActiveCfg = Debug|ARM
		{95CC31D3-4C43-4B32-8947-E1C608C364F8}.Debug|ARM.Build.0 = Debug|ARM
		{95CC31D3-4C43-4B32-8947-E1C608C364F8}.Debug|ARM.Deploy.0 = Debug|ARM
		{95CC31D3-4C43-4B32-8947-E1C608C364F8}.Debug|iPhone.ActiveCfg = Debug|x86
		{95CC31D3-4C43-4B32-8947-E1C608C364F8}.Debug|iPhoneSimulator.ActiveCfg = Debug|x86
		{95CC31D3-4C43-4B32-8947-E1C608C364F8}.Debug|x64.ActiveCfg = Debug|x64
		{95CC31D3-4C43-4B32-8947-E1C608C364F8}.Debug|x64.Build.0 = Debug|x64
		{95CC31D3-4C43-4B32-8947-E1C608C364F8}.Debug|x64.Deploy.0 = Debug|x64
		{95CC31D3-4C43-4B32-8947-E1C608C364F8}.Debug|x86.ActiveCfg = Debug|x86
		{95CC31D3-4C43-4B32-8947-E1C608C364F8}.Debug|x86.Build.0 = Debug|x86
		{95CC31D3-4C43-4B32-8947-E1C608C364F8}.Debug|x86.Deploy.0 = Debug|x86
		{95CC31D3-4C43-4B32-8947-E1C608C364F8}.Release|Any CPU.ActiveCfg = Release|x86
		{95CC31D3-4C43-4B32-8947-E1C608C364F8}.Release|ARM.ActiveCfg = Release|ARM
		{95CC31D3-4C43-4B32-8947-E1C608C364F8}.Release|ARM.Build.0 = Release|ARM
		{95CC31D3-4C43-4B32-8947-E1C608C364F8}.Release|ARM.Deploy.0 = Release|ARM
		{95CC31D3-4C43-4B32-8947-E1C608C364F8}.Release|iPhone.ActiveCfg = Release|x86
		{95CC31D3-4C43-4B32-8947-E1C608C364F8}.Release|iPhoneSimulator.ActiveCfg = Release|x86
		{95CC31D3-4C43-4B32-8947-E1C608C364F8}.Release|x64.ActiveCfg = Release|x64
		{95CC31D3-4C43-4B32-8947-E1C608C364F8}.Release|x64.Build.0 = Release|x64
		{95CC31D3-4C43-4B32-8947-E1C608C364F8}.Release|x64.Deploy.0 = Release|x64
		{95CC31D3-4C43-4B32-8947-E1C608C364F8}.Release|x86.ActiveCfg = Release|x86
		{95CC31D3-4C43-4B32-8947-E1C608C364F8}.Release|x86.Build.0 = Release|x86
		{95CC31D3-4C43-4B32-8947-E1C608C364F8}.Release|x86.Deploy.0 = Release|x86
		{487AB144-BB02-4CD8-A532-2D49AAE9A08A}.Ad-Hoc|Any CPU.ActiveCfg = Ad-Hoc|iPhone
		{487AB144-BB02-4CD8-A532-2D49AAE9A08A}.Ad-Hoc|ARM.ActiveCfg = Ad-Hoc|iPhone
		{487AB144-BB02-4CD8-A532-2D49AAE9A08A}.Ad-Hoc|iPhone.ActiveCfg = Ad-Hoc|iPhone
		{487AB144-BB02-4CD8-A532-2D49AAE9A08A}.Ad-Hoc|iPhone.Build.0 = Ad-Hoc|iPhone
		{487AB144-BB02-4CD8-A532-2D49AAE9A08A}.Ad-Hoc|iPhoneSimulator.ActiveCfg = Ad-Hoc|iPhoneSimulator
		{487AB144-BB02-4CD8-A532-2D49AAE9A08A}.Ad-Hoc|iPhoneSimulator.Build.0 = Ad-Hoc|iPhoneSimulator
		{487AB144-BB02-4CD8-A532-2D49AAE9A08A}.Ad-Hoc|x64.ActiveCfg = Ad-Hoc|iPhone
		{487AB144-BB02-4CD8-A532-2D49AAE9A08A}.Ad-Hoc|x86.ActiveCfg = Ad-Hoc|iPhone
		{487AB144-BB02-4CD8-A532-2D49AAE9A08A}.AppStore|Any CPU.ActiveCfg = AppStore|iPhone
		{487AB144-BB02-4CD8-A532-2D49AAE9A08A}.AppStore|ARM.ActiveCfg = AppStore|iPhone
		{487AB144-BB02-4CD8-A532-2D49AAE9A08A}.AppStore|iPhone.ActiveCfg = AppStore|iPhone
		{487AB144-BB02-4CD8-A532-2D49AAE9A08A}.AppStore|iPhone.Build.0 = AppStore|iPhone
		{487AB144-BB02-4CD8-A532-2D49AAE9A08A}.AppStore|iPhoneSimulator.ActiveCfg = AppStore|iPhoneSimulator
		{487AB144-BB02-4CD8-A532-2D49AAE9A08A}.AppStore|iPhoneSimulator.Build.0 = AppStore|iPhoneSimulator
		{487AB144-BB02-4CD8-A532-2D49AAE9A08A}.AppStore|x64.ActiveCfg = AppStore|iPhone
		{487AB144-BB02-4CD8-A532-2D49AAE9A08A}.AppStore|x86.ActiveCfg = AppStore|iPhone
		{487AB144-BB02-4CD8-A532-2D49AAE9A08A}.Debug|Any CPU.ActiveCfg = Debug|iPhone
		{487AB144-BB02-4CD8-A532-2D49AAE9A08A}.Debug|ARM.ActiveCfg = Debug|iPhone
		{487AB144-BB02-4CD8-A532-2D49AAE9A08A}.Debug|iPhone.ActiveCfg = Debug|iPhone
		{487AB144-BB02-4CD8-A532-2D49AAE9A08A}.Debug|iPhone.Build.0 = Debug|iPhone
		{487AB144-BB02-4CD8-A532-2D49AAE9A08A}.Debug|iPhoneSimulator.ActiveCfg = Debug|iPhoneSimulator
		{487AB144-BB02-4CD8-A532-2D49AAE9A08A}.Debug|iPhoneSimulator.Build.0 = Debug|iPhoneSimulator
		{487AB144-BB02-4CD8-A532-2D49AAE9A08A}.Debug|x64.ActiveCfg = Debug|iPhone
		{487AB144-BB02-4CD8-A532-2D49AAE9A08A}.Debug|x86.ActiveCfg = Debug|iPhone
		{487AB144-BB02-4CD8-A532-2D49AAE9A08A}.Release|Any CPU.ActiveCfg = Release|iPhone
		{487AB144-BB02-4CD8-A532-2D49AAE9A08A}.Release|ARM.ActiveCfg = Release|iPhone
		{487AB144-BB02-4CD8-A532-2D49AAE9A08A}.Release|iPhone.ActiveCfg = Release|iPhone
		{487AB144-BB02-4CD8-A532-2D49AAE9A08A}.Release|iPhone.Build.0 = Release|iPhone
		{487AB144-BB02-4CD8-A532-2D49AAE9A08A}.Release|iPhoneSimulator.ActiveCfg = Release|iPhoneSimulator
		{487AB144-BB02-4CD8-A532-2D49AAE9A08A}.Release|iPhoneSimulator.Build.0 = Release|iPhoneSimulator
		{487AB144-BB02-4CD8-A532-2D49AAE9A08A}.Release|x64.ActiveCfg = Release|iPhone
		{487AB144-BB02-4CD8-A532-2D49AAE9A08A}.Release|x86.ActiveCfg = Release|iPhone
	EndGlobalSection
	GlobalSection(SolutionProperties) = preSolution
		HideSolutionNode = FALSE
	EndGlobalSection
	GlobalSection(ExtensibilityGlobals) = postSolution
		SolutionGuid = {F4CEAD87-2E95-467B-93E7-5D2515DAADED}
	EndGlobalSection
EndGlobal
